
Microsoft Visual Studio Solution File, Format Version 12.00
# Visual Studio 2013
VisualStudioVersion = 12.0.40629.0
MinimumVisualStudioVersion = 10.0.40219.1
Project("{FAE04EC0-301F-11D3-BF4B-00C04F79EFBC}") = "api_tester", "api_tester\api_tester.csproj", "{0E281C14-6E67-46FB-911C-A8802D872FBC}"
EndProject
Project("{FAE04EC0-301F-11D3-BF4B-00C04F79EFBC}") = "ApiTests", "ApiTests\ApiTests.csproj", "{3A213433-67C9-4EAA-BA35-AB66BED783F9}"
EndProject
Global
	GlobalSection(SolutionConfigurationPlatforms) = preSolution
		Debug|Any CPU = Debug|Any CPU
		Release|Any CPU = Release|Any CPU
	EndGlobalSection
	GlobalSection(ProjectConfigurationPlatforms) = postSolution
		{0E281C14-6E67-46FB-911C-A8802D872FBC}.Debug|Any CPU.ActiveCfg = Debug|Any CPU
		{0E281C14-6E67-46FB-911C-A8802D872FBC}.Debug|Any CPU.Build.0 = Debug|Any CPU
		{0E281C14-6E67-46FB-911C-A8802D872FBC}.Release|Any CPU.ActiveCfg = Release|Any CPU
		{0E281C14-6E67-46FB-911C-A8802D872FBC}.Release|Any CPU.Build.0 = Release|Any CPU
		{3A213433-67C9-4EAA-BA35-AB66BED783F9}.Debug|Any CPU.ActiveCfg = Debug|Any CPU
		{3A213433-67C9-4EAA-BA35-AB66BED783F9}.Debug|Any CPU.Build.0 = Debug|Any CPU
		{3A213433-67C9-4EAA-BA35-AB66BED783F9}.Release|Any CPU.ActiveCfg = Release|Any CPU
		{3A213433-67C9-4EAA-BA35-AB66BED783F9}.Release|Any CPU.Build.0 = Release|Any CPU
	EndGlobalSection
	GlobalSection(SolutionProperties) = preSolution
		HideSolutionNode = FALSE
	EndGlobalSection
EndGlobal
